
Microsoft Visual Studio Solution File, Format Version 12.00
Project("{2150E333-8FDC-42A3-9474-1A3956D46DE8}") = "src", "src", "{D18C3657-ED58-4113-811C-D26B8FF6B68C}"
EndProject
Project("{2150E333-8FDC-42A3-9474-1A3956D46DE8}") = "Modules", "Modules", "{70F4E866-3245-4927-A366-C4B083C8FF25}"
EndProject
Project("{2150E333-8FDC-42A3-9474-1A3956D46DE8}") = "Catalog", "Catalog", "{B19995AD-10E7-4FA0-B543-AD49D4E574D4}"
EndProject
Project("{FAE04EC0-301F-11D3-BF4B-00C04F79EFBC}") = "Catalog.Core", "src\Modules\Catalog\Catalog.Core\Catalog.Core.csproj", "{FF38052C-3EF7-4C71-B09E-CB7C9F2BB456}"
EndProject
Project("{2150E333-8FDC-42A3-9474-1A3956D46DE8}") = "CrossCuttingConcerns", "CrossCuttingConcerns", "{5A317A2D-0FDF-49C8-9BEC-6D65E4764F22}"
EndProject
Project("{FAE04EC0-301F-11D3-BF4B-00C04F79EFBC}") = "CrossCuttingConcerns.Core", "src\CrossCuttingConcerns\CrossCuttingConcerns.Core\CrossCuttingConcerns.Core.csproj", "{6BEBF11E-CECC-4C1D-A9B4-A56B02FEC32D}"
EndProject
Project("{2150E333-8FDC-42A3-9474-1A3956D46DE8}") = "tests", "tests", "{86D9195A-E8E5-4B54-ACDD-5827362EF599}"
EndProject
Project("{2150E333-8FDC-42A3-9474-1A3956D46DE8}") = "Modules", "Modules", "{C0E4279A-9482-42DA-A90B-335074F641B7}"
EndProject
Project("{2150E333-8FDC-42A3-9474-1A3956D46DE8}") = "Catalog", "Catalog", "{0B361022-38E1-4D54-B4FE-1D2E75727E7A}"
EndProject
Project("{FAE04EC0-301F-11D3-BF4B-00C04F79EFBC}") = "Catalog.Tests", "tests\Modules\Catalog\Catalog.Tests\Catalog.Tests.csproj", "{28CC31BB-E4B2-492D-A731-13534596A5AD}"
EndProject
Project("{FAE04EC0-301F-11D3-BF4B-00C04F79EFBC}") = "Catalog.Application", "src\Modules\Catalog\Catalog.Application\Catalog.Application.csproj", "{E693C121-8898-41F2-B737-962A443F64EB}"
EndProject
Project("{FAE04EC0-301F-11D3-BF4B-00C04F79EFBC}") = "CrossCuttingConcerns.Application", "src\CrossCuttingConcerns\CrossCuttingConcerns.Application\CrossCuttingConcerns.Application.csproj", "{9D10E7A4-35E0-4CFB-A655-63285A2BD14E}"
EndProject
Project("{FAE04EC0-301F-11D3-BF4B-00C04F79EFBC}") = "Catalog.Api", "src\Modules\Catalog\Catalog.Api\Catalog.Api.csproj", "{386936C6-48F1-47BB-B46F-44F91181B9A3}"
EndProject
Project("{FAE04EC0-301F-11D3-BF4B-00C04F79EFBC}") = "CrossCuttingConcerns.Api", "src\CrossCuttingConcerns\CrossCuttingConcerns.Api\CrossCuttingConcerns.Api.csproj", "{583240A8-5776-4C72-9F2C-7092B27D6A30}"
EndProject
Project("{FAE04EC0-301F-11D3-BF4B-00C04F79EFBC}") = "Catalog.Infrastructure", "src\Modules\Catalog\Catalog.Infrastructure\Catalog.Infrastructure.csproj", "{4118CFA0-5475-49DA-A5A9-F0E50C02F2C1}"
EndProject
Global
	GlobalSection(SolutionConfigurationPlatforms) = preSolution
		Debug|Any CPU = Debug|Any CPU
		Release|Any CPU = Release|Any CPU
	EndGlobalSection
	GlobalSection(NestedProjects) = preSolution
		{70F4E866-3245-4927-A366-C4B083C8FF25} = {D18C3657-ED58-4113-811C-D26B8FF6B68C}
		{B19995AD-10E7-4FA0-B543-AD49D4E574D4} = {70F4E866-3245-4927-A366-C4B083C8FF25}
		{FF38052C-3EF7-4C71-B09E-CB7C9F2BB456} = {B19995AD-10E7-4FA0-B543-AD49D4E574D4}
		{5A317A2D-0FDF-49C8-9BEC-6D65E4764F22} = {D18C3657-ED58-4113-811C-D26B8FF6B68C}
		{6BEBF11E-CECC-4C1D-A9B4-A56B02FEC32D} = {5A317A2D-0FDF-49C8-9BEC-6D65E4764F22}
		{C0E4279A-9482-42DA-A90B-335074F641B7} = {86D9195A-E8E5-4B54-ACDD-5827362EF599}
		{0B361022-38E1-4D54-B4FE-1D2E75727E7A} = {C0E4279A-9482-42DA-A90B-335074F641B7}
		{28CC31BB-E4B2-492D-A731-13534596A5AD} = {0B361022-38E1-4D54-B4FE-1D2E75727E7A}
		{E693C121-8898-41F2-B737-962A443F64EB} = {B19995AD-10E7-4FA0-B543-AD49D4E574D4}
		{9D10E7A4-35E0-4CFB-A655-63285A2BD14E} = {5A317A2D-0FDF-49C8-9BEC-6D65E4764F22}
		{386936C6-48F1-47BB-B46F-44F91181B9A3} = {B19995AD-10E7-4FA0-B543-AD49D4E574D4}
		{583240A8-5776-4C72-9F2C-7092B27D6A30} = {5A317A2D-0FDF-49C8-9BEC-6D65E4764F22}
		{4118CFA0-5475-49DA-A5A9-F0E50C02F2C1} = {B19995AD-10E7-4FA0-B543-AD49D4E574D4}
	EndGlobalSection
	GlobalSection(ProjectConfigurationPlatforms) = postSolution
		{FF38052C-3EF7-4C71-B09E-CB7C9F2BB456}.Debug|Any CPU.ActiveCfg = Debug|Any CPU
		{FF38052C-3EF7-4C71-B09E-CB7C9F2BB456}.Debug|Any CPU.Build.0 = Debug|Any CPU
		{FF38052C-3EF7-4C71-B09E-CB7C9F2BB456}.Release|Any CPU.ActiveCfg = Release|Any CPU
		{FF38052C-3EF7-4C71-B09E-CB7C9F2BB456}.Release|Any CPU.Build.0 = Release|Any CPU
		{6BEBF11E-CECC-4C1D-A9B4-A56B02FEC32D}.Debug|Any CPU.ActiveCfg = Debug|Any CPU
		{6BEBF11E-CECC-4C1D-A9B4-A56B02FEC32D}.Debug|Any CPU.Build.0 = Debug|Any CPU
		{6BEBF11E-CECC-4C1D-A9B4-A56B02FEC32D}.Release|Any CPU.ActiveCfg = Release|Any CPU
		{6BEBF11E-CECC-4C1D-A9B4-A56B02FEC32D}.Release|Any CPU.Build.0 = Release|Any CPU
		{28CC31BB-E4B2-492D-A731-13534596A5AD}.Debug|Any CPU.ActiveCfg = Debug|Any CPU
		{28CC31BB-E4B2-492D-A731-13534596A5AD}.Debug|Any CPU.Build.0 = Debug|Any CPU
		{28CC31BB-E4B2-492D-A731-13534596A5AD}.Release|Any CPU.ActiveCfg = Release|Any CPU
		{28CC31BB-E4B2-492D-A731-13534596A5AD}.Release|Any CPU.Build.0 = Release|Any CPU
		{E693C121-8898-41F2-B737-962A443F64EB}.Debug|Any CPU.ActiveCfg = Debug|Any CPU
		{E693C121-8898-41F2-B737-962A443F64EB}.Debug|Any CPU.Build.0 = Debug|Any CPU
		{E693C121-8898-41F2-B737-962A443F64EB}.Release|Any CPU.ActiveCfg = Release|Any CPU
		{E693C121-8898-41F2-B737-962A443F64EB}.Release|Any CPU.Build.0 = Release|Any CPU
		{9D10E7A4-35E0-4CFB-A655-63285A2BD14E}.Debug|Any CPU.ActiveCfg = Debug|Any CPU
		{9D10E7A4-35E0-4CFB-A655-63285A2BD14E}.Debug|Any CPU.Build.0 = Debug|Any CPU
		{9D10E7A4-35E0-4CFB-A655-63285A2BD14E}.Release|Any CPU.ActiveCfg = Release|Any CPU
		{9D10E7A4-35E0-4CFB-A655-63285A2BD14E}.Release|Any CPU.Build.0 = Release|Any CPU
		{386936C6-48F1-47BB-B46F-44F91181B9A3}.Debug|Any CPU.ActiveCfg = Debug|Any CPU
		{386936C6-48F1-47BB-B46F-44F91181B9A3}.Debug|Any CPU.Build.0 = Debug|Any CPU
		{386936C6-48F1-47BB-B46F-44F91181B9A3}.Release|Any CPU.ActiveCfg = Release|Any CPU
		{386936C6-48F1-47BB-B46F-44F91181B9A3}.Release|Any CPU.Build.0 = Release|Any CPU
		{583240A8-5776-4C72-9F2C-7092B27D6A30}.Debug|Any CPU.ActiveCfg = Debug|Any CPU
		{583240A8-5776-4C72-9F2C-7092B27D6A30}.Debug|Any CPU.Build.0 = Debug|Any CPU
		{583240A8-5776-4C72-9F2C-7092B27D6A30}.Release|Any CPU.ActiveCfg = Release|Any CPU
		{583240A8-5776-4C72-9F2C-7092B27D6A30}.Release|Any CPU.Build.0 = Release|Any CPU
		{4118CFA0-5475-49DA-A5A9-F0E50C02F2C1}.Debug|Any CPU.ActiveCfg = Debug|Any CPU
		{4118CFA0-5475-49DA-A5A9-F0E50C02F2C1}.Debug|Any CPU.Build.0 = Debug|Any CPU
		{4118CFA0-5475-49DA-A5A9-F0E50C02F2C1}.Release|Any CPU.ActiveCfg = Release|Any CPU
		{4118CFA0-5475-49DA-A5A9-F0E50C02F2C1}.Release|Any CPU.Build.0 = Release|Any CPU
	EndGlobalSection
EndGlobal
